// !$*UTF8*$!
{
	archiveVersion = 1;
	classes = {
	};
	objectVersion = 50;
	objects = {

/* Begin PBXBuildFile section */
		BF7A366426343CC5003DB437 /* AppDelegate.swift in Sources */ = {isa = PBXBuildFile; fileRef = BF7A366326343CC5003DB437 /* AppDelegate.swift */; };
		BF7A366626343CC5003DB437 /* SceneDelegate.swift in Sources */ = {isa = PBXBuildFile; fileRef = BF7A366526343CC5003DB437 /* SceneDelegate.swift */; };
		BF7A366826343CC5003DB437 /* ViewController.swift in Sources */ = {isa = PBXBuildFile; fileRef = BF7A366726343CC5003DB437 /* ViewController.swift */; };
		BF7A366D26343CC8003DB437 /* Assets.xcassets in Resources */ = {isa = PBXBuildFile; fileRef = BF7A366C26343CC8003DB437 /* Assets.xcassets */; };
		BF7A367026343CC8003DB437 /* LaunchScreen.storyboard in Resources */ = {isa = PBXBuildFile; fileRef = BF7A366E26343CC8003DB437 /* LaunchScreen.storyboard */; };
		BF7A367B26343CC9003DB437 /* GithubberTests.swift in Sources */ = {isa = PBXBuildFile; fileRef = BF7A367A26343CC9003DB437 /* GithubberTests.swift */; };
		BF7A368626343CC9003DB437 /* GithubberUITests.swift in Sources */ = {isa = PBXBuildFile; fileRef = BF7A368526343CC9003DB437 /* GithubberUITests.swift */; };
		BF7A36A026366C92003DB437 /* SearchViewController.swift in Sources */ = {isa = PBXBuildFile; fileRef = BF7A369F26366C92003DB437 /* SearchViewController.swift */; };
		BF7A36A526366CAE003DB437 /* FavoritesListVC.swift in Sources */ = {isa = PBXBuildFile; fileRef = BF7A36A426366CAE003DB437 /* FavoritesListVC.swift */; };
		BF7A36AA263699D4003DB437 /* GFButton.swift in Sources */ = {isa = PBXBuildFile; fileRef = BF7A36A9263699D4003DB437 /* GFButton.swift */; };
		BF7A36B126369EAD003DB437 /* GFTextField.swift in Sources */ = {isa = PBXBuildFile; fileRef = BF7A36B026369EAD003DB437 /* GFTextField.swift */; };
		BF7A36B62636A32B003DB437 /* Constants.swift in Sources */ = {isa = PBXBuildFile; fileRef = BF7A36B52636A32B003DB437 /* Constants.swift */; };
/* End PBXBuildFile section */

/* Begin PBXContainerItemProxy section */
		BF7A367726343CC9003DB437 /* PBXContainerItemProxy */ = {
			isa = PBXContainerItemProxy;
			containerPortal = BF7A365826343CC5003DB437 /* Project object */;
			proxyType = 1;
			remoteGlobalIDString = BF7A365F26343CC5003DB437;
			remoteInfo = Githubber;
		};
		BF7A368226343CC9003DB437 /* PBXContainerItemProxy */ = {
			isa = PBXContainerItemProxy;
			containerPortal = BF7A365826343CC5003DB437 /* Project object */;
			proxyType = 1;
			remoteGlobalIDString = BF7A365F26343CC5003DB437;
			remoteInfo = Githubber;
		};
/* End PBXContainerItemProxy section */

/* Begin PBXFileReference section */
		BF7A366026343CC5003DB437 /* Githubber.app */ = {isa = PBXFileReference; explicitFileType = wrapper.application; includeInIndex = 0; path = Githubber.app; sourceTree = BUILT_PRODUCTS_DIR; };
		BF7A366326343CC5003DB437 /* AppDelegate.swift */ = {isa = PBXFileReference; lastKnownFileType = sourcecode.swift; path = AppDelegate.swift; sourceTree = "<group>"; };
		BF7A366526343CC5003DB437 /* SceneDelegate.swift */ = {isa = PBXFileReference; lastKnownFileType = sourcecode.swift; path = SceneDelegate.swift; sourceTree = "<group>"; };
		BF7A366726343CC5003DB437 /* ViewController.swift */ = {isa = PBXFileReference; lastKnownFileType = sourcecode.swift; path = ViewController.swift; sourceTree = "<group>"; };
		BF7A366C26343CC8003DB437 /* Assets.xcassets */ = {isa = PBXFileReference; lastKnownFileType = folder.assetcatalog; path = Assets.xcassets; sourceTree = "<group>"; };
		BF7A366F26343CC8003DB437 /* Base */ = {isa = PBXFileReference; lastKnownFileType = file.storyboard; name = Base; path = Base.lproj/LaunchScreen.storyboard; sourceTree = "<group>"; };
		BF7A367126343CC8003DB437 /* Info.plist */ = {isa = PBXFileReference; lastKnownFileType = text.plist.xml; path = Info.plist; sourceTree = "<group>"; };
		BF7A367626343CC9003DB437 /* GithubberTests.xctest */ = {isa = PBXFileReference; explicitFileType = wrapper.cfbundle; includeInIndex = 0; path = GithubberTests.xctest; sourceTree = BUILT_PRODUCTS_DIR; };
		BF7A367A26343CC9003DB437 /* GithubberTests.swift */ = {isa = PBXFileReference; lastKnownFileType = sourcecode.swift; path = GithubberTests.swift; sourceTree = "<group>"; };
		BF7A367C26343CC9003DB437 /* Info.plist */ = {isa = PBXFileReference; lastKnownFileType = text.plist.xml; path = Info.plist; sourceTree = "<group>"; };
		BF7A368126343CC9003DB437 /* GithubberUITests.xctest */ = {isa = PBXFileReference; explicitFileType = wrapper.cfbundle; includeInIndex = 0; path = GithubberUITests.xctest; sourceTree = BUILT_PRODUCTS_DIR; };
		BF7A368526343CC9003DB437 /* GithubberUITests.swift */ = {isa = PBXFileReference; lastKnownFileType = sourcecode.swift; path = GithubberUITests.swift; sourceTree = "<group>"; };
		BF7A368726343CC9003DB437 /* Info.plist */ = {isa = PBXFileReference; lastKnownFileType = text.plist.xml; path = Info.plist; sourceTree = "<group>"; };
		BF7A369F26366C92003DB437 /* SearchViewController.swift */ = {isa = PBXFileReference; lastKnownFileType = sourcecode.swift; path = SearchViewController.swift; sourceTree = "<group>"; };
		BF7A36A426366CAE003DB437 /* FavoritesListVC.swift */ = {isa = PBXFileReference; lastKnownFileType = sourcecode.swift; path = FavoritesListVC.swift; sourceTree = "<group>"; };
		BF7A36A9263699D4003DB437 /* GFButton.swift */ = {isa = PBXFileReference; lastKnownFileType = sourcecode.swift; path = GFButton.swift; sourceTree = "<group>"; };
		BF7A36B026369EAD003DB437 /* GFTextField.swift */ = {isa = PBXFileReference; lastKnownFileType = sourcecode.swift; path = GFTextField.swift; sourceTree = "<group>"; };
		BF7A36B52636A32B003DB437 /* Constants.swift */ = {isa = PBXFileReference; lastKnownFileType = sourcecode.swift; path = Constants.swift; sourceTree = "<group>"; };
/* End PBXFileReference section */

/* Begin PBXFrameworksBuildPhase section */
		BF7A365D26343CC5003DB437 /* Frameworks */ = {
			isa = PBXFrameworksBuildPhase;
			buildActionMask = 2147483647;
			files = (
			);
			runOnlyForDeploymentPostprocessing = 0;
		};
		BF7A367326343CC9003DB437 /* Frameworks */ = {
			isa = PBXFrameworksBuildPhase;
			buildActionMask = 2147483647;
			files = (
			);
			runOnlyForDeploymentPostprocessing = 0;
		};
		BF7A367E26343CC9003DB437 /* Frameworks */ = {
			isa = PBXFrameworksBuildPhase;
			buildActionMask = 2147483647;
			files = (
			);
			runOnlyForDeploymentPostprocessing = 0;
		};
/* End PBXFrameworksBuildPhase section */

/* Begin PBXGroup section */
		BF7A365726343CC5003DB437 = {
			isa = PBXGroup;
			children = (
				BF7A366226343CC5003DB437 /* Githubber */,
				BF7A367926343CC9003DB437 /* GithubberTests */,
				BF7A368426343CC9003DB437 /* GithubberUITests */,
				BF7A366126343CC5003DB437 /* Products */,
			);
			sourceTree = "<group>";
		};
		BF7A366126343CC5003DB437 /* Products */ = {
			isa = PBXGroup;
			children = (
				BF7A366026343CC5003DB437 /* Githubber.app */,
				BF7A367626343CC9003DB437 /* GithubberTests.xctest */,
				BF7A368126343CC9003DB437 /* GithubberUITests.xctest */,
			);
			name = Products;
			sourceTree = "<group>";
		};
		BF7A366226343CC5003DB437 /* Githubber */ = {
			isa = PBXGroup;
			children = (
				BF7A366326343CC5003DB437 /* AppDelegate.swift */,
				BF7A366526343CC5003DB437 /* SceneDelegate.swift */,
				BF7A36A9263699D4003DB437 /* GFButton.swift */,
				BF7A36B026369EAD003DB437 /* GFTextField.swift */,
				BF7A369F26366C92003DB437 /* SearchViewController.swift */,
				BF7A36A426366CAE003DB437 /* FavoritesListVC.swift */,
				BF7A366C26343CC8003DB437 /* Assets.xcassets */,
				BF7A36B52636A32B003DB437 /* Constants.swift */,
				BF7A366E26343CC8003DB437 /* LaunchScreen.storyboard */,
				BF7A366726343CC5003DB437 /* ViewController.swift */,
				BF7A367126343CC8003DB437 /* Info.plist */,
			);
			path = Githubber;
			sourceTree = "<group>";
		};
		BF7A367926343CC9003DB437 /* GithubberTests */ = {
			isa = PBXGroup;
			children = (
				BF7A367A26343CC9003DB437 /* GithubberTests.swift */,
				BF7A367C26343CC9003DB437 /* Info.plist */,
			);
			path = GithubberTests;
			sourceTree = "<group>";
		};
		BF7A368426343CC9003DB437 /* GithubberUITests */ = {
			isa = PBXGroup;
			children = (
				BF7A368526343CC9003DB437 /* GithubberUITests.swift */,
				BF7A368726343CC9003DB437 /* Info.plist */,
			);
			path = GithubberUITests;
			sourceTree = "<group>";
		};
/* End PBXGroup section */

/* Begin PBXNativeTarget section */
		BF7A365F26343CC5003DB437 /* Githubber */ = {
			isa = PBXNativeTarget;
			buildConfigurationList = BF7A368A26343CC9003DB437 /* Build configuration list for PBXNativeTarget "Githubber" */;
			buildPhases = (
				BF7A365C26343CC5003DB437 /* Sources */,
				BF7A365D26343CC5003DB437 /* Frameworks */,
				BF7A365E26343CC5003DB437 /* Resources */,
			);
			buildRules = (
			);
			dependencies = (
			);
			name = Githubber;
			productName = Githubber;
			productReference = BF7A366026343CC5003DB437 /* Githubber.app */;
			productType = "com.apple.product-type.application";
		};
		BF7A367526343CC9003DB437 /* GithubberTests */ = {
			isa = PBXNativeTarget;
			buildConfigurationList = BF7A368D26343CC9003DB437 /* Build configuration list for PBXNativeTarget "GithubberTests" */;
			buildPhases = (
				BF7A367226343CC9003DB437 /* Sources */,
				BF7A367326343CC9003DB437 /* Frameworks */,
				BF7A367426343CC9003DB437 /* Resources */,
			);
			buildRules = (
			);
			dependencies = (
				BF7A367826343CC9003DB437 /* PBXTargetDependency */,
			);
			name = GithubberTests;
			productName = GithubberTests;
			productReference = BF7A367626343CC9003DB437 /* GithubberTests.xctest */;
			productType = "com.apple.product-type.bundle.unit-test";
		};
		BF7A368026343CC9003DB437 /* GithubberUITests */ = {
			isa = PBXNativeTarget;
			buildConfigurationList = BF7A369026343CC9003DB437 /* Build configuration list for PBXNativeTarget "GithubberUITests" */;
			buildPhases = (
				BF7A367D26343CC9003DB437 /* Sources */,
				BF7A367E26343CC9003DB437 /* Frameworks */,
				BF7A367F26343CC9003DB437 /* Resources */,
			);
			buildRules = (
			);
			dependencies = (
				BF7A368326343CC9003DB437 /* PBXTargetDependency */,
			);
			name = GithubberUITests;
			productName = GithubberUITests;
			productReference = BF7A368126343CC9003DB437 /* GithubberUITests.xctest */;
			productType = "com.apple.product-type.bundle.ui-testing";
		};
/* End PBXNativeTarget section */

/* Begin PBXProject section */
		BF7A365826343CC5003DB437 /* Project object */ = {
			isa = PBXProject;
			attributes = {
				LastSwiftUpdateCheck = 1240;
				LastUpgradeCheck = 1240;
				TargetAttributes = {
					BF7A365F26343CC5003DB437 = {
						CreatedOnToolsVersion = 12.4;
					};
					BF7A367526343CC9003DB437 = {
						CreatedOnToolsVersion = 12.4;
						TestTargetID = BF7A365F26343CC5003DB437;
					};
					BF7A368026343CC9003DB437 = {
						CreatedOnToolsVersion = 12.4;
						TestTargetID = BF7A365F26343CC5003DB437;
					};
				};
			};
			buildConfigurationList = BF7A365B26343CC5003DB437 /* Build configuration list for PBXProject "Githubber" */;
			compatibilityVersion = "Xcode 9.3";
			developmentRegion = en;
			hasScannedForEncodings = 0;
			knownRegions = (
				en,
				Base,
			);
			mainGroup = BF7A365726343CC5003DB437;
			productRefGroup = BF7A366126343CC5003DB437 /* Products */;
			projectDirPath = "";
			projectRoot = "";
			targets = (
				BF7A365F26343CC5003DB437 /* Githubber */,
				BF7A367526343CC9003DB437 /* GithubberTests */,
				BF7A368026343CC9003DB437 /* GithubberUITests */,
			);
		};
/* End PBXProject section */

/* Begin PBXResourcesBuildPhase section */
		BF7A365E26343CC5003DB437 /* Resources */ = {
			isa = PBXResourcesBuildPhase;
			buildActionMask = 2147483647;
			files = (
				BF7A367026343CC8003DB437 /* LaunchScreen.storyboard in Resources */,
				BF7A366D26343CC8003DB437 /* Assets.xcassets in Resources */,
			);
			runOnlyForDeploymentPostprocessing = 0;
		};
		BF7A367426343CC9003DB437 /* Resources */ = {
			isa = PBXResourcesBuildPhase;
			buildActionMask = 2147483647;
			files = (
			);
			runOnlyForDeploymentPostprocessing = 0;
		};
		BF7A367F26343CC9003DB437 /* Resources */ = {
			isa = PBXResourcesBuildPhase;
			buildActionMask = 2147483647;
			files = (
			);
			runOnlyForDeploymentPostprocessing = 0;
		};
/* End PBXResourcesBuildPhase section */

/* Begin PBXSourcesBuildPhase section */
		BF7A365C26343CC5003DB437 /* Sources */ = {
			isa = PBXSourcesBuildPhase;
			buildActionMask = 2147483647;
			files = (
				BF7A366826343CC5003DB437 /* ViewController.swift in Sources */,
				BF7A366426343CC5003DB437 /* AppDelegate.swift in Sources */,
				BF7A36AA263699D4003DB437 /* GFButton.swift in Sources */,
				BF7A36A526366CAE003DB437 /* FavoritesListVC.swift in Sources */,
				BF7A36A026366C92003DB437 /* SearchViewController.swift in Sources */,
				BF7A366626343CC5003DB437 /* SceneDelegate.swift in Sources */,
				BF7A36B126369EAD003DB437 /* GFTextField.swift in Sources */,
				BF7A36B62636A32B003DB437 /* Constants.swift in Sources */,
			);
			runOnlyForDeploymentPostprocessing = 0;
		};
		BF7A367226343CC9003DB437 /* Sources */ = {
			isa = PBXSourcesBuildPhase;
			buildActionMask = 2147483647;
			files = (
				BF7A367B26343CC9003DB437 /* GithubberTests.swift in Sources */,
			);
			runOnlyForDeploymentPostprocessing = 0;
		};
		BF7A367D26343CC9003DB437 /* Sources */ = {
			isa = PBXSourcesBuildPhase;
			buildActionMask = 2147483647;
			files = (
				BF7A368626343CC9003DB437 /* GithubberUITests.swift in Sources */,
			);
			runOnlyForDeploymentPostprocessing = 0;
		};
/* End PBXSourcesBuildPhase section */

/* Begin PBXTargetDependency section */
		BF7A367826343CC9003DB437 /* PBXTargetDependency */ = {
			isa = PBXTargetDependency;
			target = BF7A365F26343CC5003DB437 /* Githubber */;
			targetProxy = BF7A367726343CC9003DB437 /* PBXContainerItemProxy */;
		};
		BF7A368326343CC9003DB437 /* PBXTargetDependency */ = {
			isa = PBXTargetDependency;
			target = BF7A365F26343CC5003DB437 /* Githubber */;
			targetProxy = BF7A368226343CC9003DB437 /* PBXContainerItemProxy */;
		};
/* End PBXTargetDependency section */

/* Begin PBXVariantGroup section */
		BF7A366E26343CC8003DB437 /* LaunchScreen.storyboard */ = {
			isa = PBXVariantGroup;
			children = (
				BF7A366F26343CC8003DB437 /* Base */,
			);
			name = LaunchScreen.storyboard;
			sourceTree = "<group>";
		};
/* End PBXVariantGroup section */

/* Begin XCBuildConfiguration section */
		BF7A368826343CC9003DB437 /* Debug */ = {
			isa = XCBuildConfiguration;
			buildSettings = {
				ALWAYS_SEARCH_USER_PATHS = NO;
				CLANG_ANALYZER_NONNULL = YES;
				CLANG_ANALYZER_NUMBER_OBJECT_CONVERSION = YES_AGGRESSIVE;
				CLANG_CXX_LANGUAGE_STANDARD = "gnu++14";
				CLANG_CXX_LIBRARY = "libc++";
				CLANG_ENABLE_MODULES = YES;
				CLANG_ENABLE_OBJC_ARC = YES;
				CLANG_ENABLE_OBJC_WEAK = YES;
				CLANG_WARN_BLOCK_CAPTURE_AUTORELEASING = YES;
				CLANG_WARN_BOOL_CONVERSION = YES;
				CLANG_WARN_COMMA = YES;
				CLANG_WARN_CONSTANT_CONVERSION = YES;
				CLANG_WARN_DEPRECATED_OBJC_IMPLEMENTATIONS = YES;
				CLANG_WARN_DIRECT_OBJC_ISA_USAGE = YES_ERROR;
				CLANG_WARN_DOCUMENTATION_COMMENTS = YES;
				CLANG_WARN_EMPTY_BODY = YES;
				CLANG_WARN_ENUM_CONVERSION = YES;
				CLANG_WARN_INFINITE_RECURSION = YES;
				CLANG_WARN_INT_CONVERSION = YES;
				CLANG_WARN_NON_LITERAL_NULL_CONVERSION = YES;
				CLANG_WARN_OBJC_IMPLICIT_RETAIN_SELF = YES;
				CLANG_WARN_OBJC_LITERAL_CONVERSION = YES;
				CLANG_WARN_OBJC_ROOT_CLASS = YES_ERROR;
				CLANG_WARN_QUOTED_INCLUDE_IN_FRAMEWORK_HEADER = YES;
				CLANG_WARN_RANGE_LOOP_ANALYSIS = YES;
				CLANG_WARN_STRICT_PROTOTYPES = YES;
				CLANG_WARN_SUSPICIOUS_MOVE = YES;
				CLANG_WARN_UNGUARDED_AVAILABILITY = YES_AGGRESSIVE;
				CLANG_WARN_UNREACHABLE_CODE = YES;
				CLANG_WARN__DUPLICATE_METHOD_MATCH = YES;
				COPY_PHASE_STRIP = NO;
				DEBUG_INFORMATION_FORMAT = dwarf;
				ENABLE_STRICT_OBJC_MSGSEND = YES;
				ENABLE_TESTABILITY = YES;
				GCC_C_LANGUAGE_STANDARD = gnu11;
				GCC_DYNAMIC_NO_PIC = NO;
				GCC_NO_COMMON_BLOCKS = YES;
				GCC_OPTIMIZATION_LEVEL = 0;
				GCC_PREPROCESSOR_DEFINITIONS = (
					"DEBUG=1",
					"$(inherited)",
				);
				GCC_WARN_64_TO_32_BIT_CONVERSION = YES;
				GCC_WARN_ABOUT_RETURN_TYPE = YES_ERROR;
				GCC_WARN_UNDECLARED_SELECTOR = YES;
				GCC_WARN_UNINITIALIZED_AUTOS = YES_AGGRESSIVE;
				GCC_WARN_UNUSED_FUNCTION = YES;
				GCC_WARN_UNUSED_VARIABLE = YES;
				IPHONEOS_DEPLOYMENT_TARGET = 14.4;
				MTL_ENABLE_DEBUG_INFO = INCLUDE_SOURCE;
				MTL_FAST_MATH = YES;
				ONLY_ACTIVE_ARCH = YES;
				SDKROOT = iphoneos;
				SWIFT_ACTIVE_COMPILATION_CONDITIONS = DEBUG;
				SWIFT_OPTIMIZATION_LEVEL = "-Onone";
			};
			name = Debug;
		};
		BF7A368926343CC9003DB437 /* Release */ = {
			isa = XCBuildConfiguration;
			buildSettings = {
				ALWAYS_SEARCH_USER_PATHS = NO;
				CLANG_ANALYZER_NONNULL = YES;
				CLANG_ANALYZER_NUMBER_OBJECT_CONVERSION = YES_AGGRESSIVE;
				CLANG_CXX_LANGUAGE_STANDARD = "gnu++14";
				CLANG_CXX_LIBRARY = "libc++";
				CLANG_ENABLE_MODULES = YES;
				CLANG_ENABLE_OBJC_ARC = YES;
				CLANG_ENABLE_OBJC_WEAK = YES;
				CLANG_WARN_BLOCK_CAPTURE_AUTORELEASING = YES;
				CLANG_WARN_BOOL_CONVERSION = YES;
				CLANG_WARN_COMMA = YES;
				CLANG_WARN_CONSTANT_CONVERSION = YES;
				CLANG_WARN_DEPRECATED_OBJC_IMPLEMENTATIONS = YES;
				CLANG_WARN_DIRECT_OBJC_ISA_USAGE = YES_ERROR;
				CLANG_WARN_DOCUMENTATION_COMMENTS = YES;
				CLANG_WARN_EMPTY_BODY = YES;
				CLANG_WARN_ENUM_CONVERSION = YES;
				CLANG_WARN_INFINITE_RECURSION = YES;
				CLANG_WARN_INT_CONVERSION = YES;
				CLANG_WARN_NON_LITERAL_NULL_CONVERSION = YES;
				CLANG_WARN_OBJC_IMPLICIT_RETAIN_SELF = YES;
				CLANG_WARN_OBJC_LITERAL_CONVERSION = YES;
				CLANG_WARN_OBJC_ROOT_CLASS = YES_ERROR;
				CLANG_WARN_QUOTED_INCLUDE_IN_FRAMEWORK_HEADER = YES;
				CLANG_WARN_RANGE_LOOP_ANALYSIS = YES;
				CLANG_WARN_STRICT_PROTOTYPES = YES;
				CLANG_WARN_SUSPICIOUS_MOVE = YES;
				CLANG_WARN_UNGUARDED_AVAILABILITY = YES_AGGRESSIVE;
				CLANG_WARN_UNREACHABLE_CODE = YES;
				CLANG_WARN__DUPLICATE_METHOD_MATCH = YES;
				COPY_PHASE_STRIP = NO;
				DEBUG_INFORMATION_FORMAT = "dwarf-with-dsym";
				ENABLE_NS_ASSERTIONS = NO;
				ENABLE_STRICT_OBJC_MSGSEND = YES;
				GCC_C_LANGUAGE_STANDARD = gnu11;
				GCC_NO_COMMON_BLOCKS = YES;
				GCC_WARN_64_TO_32_BIT_CONVERSION = YES;
				GCC_WARN_ABOUT_RETURN_TYPE = YES_ERROR;
				GCC_WARN_UNDECLARED_SELECTOR = YES;
				GCC_WARN_UNINITIALIZED_AUTOS = YES_AGGRESSIVE;
				GCC_WARN_UNUSED_FUNCTION = YES;
				GCC_WARN_UNUSED_VARIABLE = YES;
				IPHONEOS_DEPLOYMENT_TARGET = 14.4;
				MTL_ENABLE_DEBUG_INFO = NO;
				MTL_FAST_MATH = YES;
				SDKROOT = iphoneos;
				SWIFT_COMPILATION_MODE = wholemodule;
				SWIFT_OPTIMIZATION_LEVEL = "-O";
				VALIDATE_PRODUCT = YES;
			};
			name = Release;
		};
		BF7A368B26343CC9003DB437 /* Debug */ = {
			isa = XCBuildConfiguration;
			buildSettings = {
				ASSETCATALOG_COMPILER_APPICON_NAME = AppIcon;
				ASSETCATALOG_COMPILER_GLOBAL_ACCENT_COLOR_NAME = AccentColor;
				CODE_SIGN_STYLE = Automatic;
				DEVELOPMENT_TEAM = 9T3DK8DFL5;
				INFOPLIST_FILE = Githubber/Info.plist;
				LD_RUNPATH_SEARCH_PATHS = (
					"$(inherited)",
					"@executable_path/Frameworks",
				);
				PRODUCT_BUNDLE_IDENTIFIER = com.dzhiphop.Githubber;
				PRODUCT_NAME = "$(TARGET_NAME)";
				SWIFT_VERSION = 5.0;
				TARGETED_DEVICE_FAMILY = 1;
			};
			name = Debug;
		};
		BF7A368C26343CC9003DB437 /* Release */ = {
			isa = XCBuildConfiguration;
			buildSettings = {
				ASSETCATALOG_COMPILER_APPICON_NAME = AppIcon;
				ASSETCATALOG_COMPILER_GLOBAL_ACCENT_COLOR_NAME = AccentColor;
				CODE_SIGN_STYLE = Automatic;
				DEVELOPMENT_TEAM = 9T3DK8DFL5;
				INFOPLIST_FILE = Githubber/Info.plist;
				LD_RUNPATH_SEARCH_PATHS = (
					"$(inherited)",
					"@executable_path/Frameworks",
				);
				PRODUCT_BUNDLE_IDENTIFIER = com.dzhiphop.Githubber;
				PRODUCT_NAME = "$(TARGET_NAME)";
				SWIFT_VERSION = 5.0;
				TARGETED_DEVICE_FAMILY = 1;
			};
			name = Release;
		};
		BF7A368E26343CC9003DB437 /* Debug */ = {
			isa = XCBuildConfiguration;
			buildSettings = {
				ALWAYS_EMBED_SWIFT_STANDARD_LIBRARIES = YES;
				BUNDLE_LOADER = "$(TEST_HOST)";
				CODE_SIGN_STYLE = Automatic;
				DEVELOPMENT_TEAM = 9T3DK8DFL5;
				INFOPLIST_FILE = GithubberTests/Info.plist;
				IPHONEOS_DEPLOYMENT_TARGET = 14.4;
				LD_RUNPATH_SEARCH_PATHS = (
					"$(inherited)",
					"@executable_path/Frameworks",
					"@loader_path/Frameworks",
				);
				PRODUCT_BUNDLE_IDENTIFIER = com.dzhiphop.GithubberTests;
				PRODUCT_NAME = "$(TARGET_NAME)";
				SWIFT_VERSION = 5.0;
				TARGETED_DEVICE_FAMILY = "1,2";
				TEST_HOST = "$(BUILT_PRODUCTS_DIR)/Githubber.app/Githubber";
			};
			name = Debug;
		};
		BF7A368F26343CC9003DB437 /* Release */ = {
			isa = XCBuildConfiguration;
			buildSettings = {
				ALWAYS_EMBED_SWIFT_STANDARD_LIBRARIES = YES;
				BUNDLE_LOADER = "$(TEST_HOST)";
				CODE_SIGN_STYLE = Automatic;
				DEVELOPMENT_TEAM = 9T3DK8DFL5;
				INFOPLIST_FILE = GithubberTests/Info.plist;
				IPHONEOS_DEPLOYMENT_TARGET = 14.4;
				LD_RUNPATH_SEARCH_PATHS = (
					"$(inherited)",
					"@executable_path/Frameworks",
					"@loader_path/Frameworks",
				);
				PRODUCT_BUNDLE_IDENTIFIER = com.dzhiphop.GithubberTests;
				PRODUCT_NAME = "$(TARGET_NAME)";
				SWIFT_VERSION = 5.0;
				TARGETED_DEVICE_FAMILY = "1,2";
				TEST_HOST = "$(BUILT_PRODUCTS_DIR)/Githubber.app/Githubber";
			};
			name = Release;
		};
		BF7A369126343CC9003DB437 /* Debug */ = {
			isa = XCBuildConfiguration;
			buildSettings = {
				ALWAYS_EMBED_SWIFT_STANDARD_LIBRARIES = YES;
				CODE_SIGN_STYLE = Automatic;
				DEVELOPMENT_TEAM = 9T3DK8DFL5;
				INFOPLIST_FILE = GithubberUITests/Info.plist;
				LD_RUNPATH_SEARCH_PATHS = (
					"$(inherited)",
					"@executable_path/Frameworks",
					"@loader_path/Frameworks",
				);
				PRODUCT_BUNDLE_IDENTIFIER = com.dzhiphop.GithubberUITests;
				PRODUCT_NAME = "$(TARGET_NAME)";
				SWIFT_VERSION = 5.0;
				TARGETED_DEVICE_FAMILY = "1,2";
				TEST_TARGET_NAME = Githubber;
			};
			name = Debug;
		};
		BF7A369226343CC9003DB437 /* Release */ = {
			isa = XCBuildConfiguration;
			buildSettings = {
				ALWAYS_EMBED_SWIFT_STANDARD_LIBRARIES = YES;
				CODE_SIGN_STYLE = Automatic;
				DEVELOPMENT_TEAM = 9T3DK8DFL5;
				INFOPLIST_FILE = GithubberUITests/Info.plist;
				LD_RUNPATH_SEARCH_PATHS = (
					"$(inherited)",
					"@executable_path/Frameworks",
					"@loader_path/Frameworks",
				);
				PRODUCT_BUNDLE_IDENTIFIER = com.dzhiphop.GithubberUITests;
				PRODUCT_NAME = "$(TARGET_NAME)";
				SWIFT_VERSION = 5.0;
				TARGETED_DEVICE_FAMILY = "1,2";
				TEST_TARGET_NAME = Githubber;
			};
			name = Release;
		};
/* End XCBuildConfiguration section */

/* Begin XCConfigurationList section */
		BF7A365B26343CC5003DB437 /* Build configuration list for PBXProject "Githubber" */ = {
			isa = XCConfigurationList;
			buildConfigurations = (
				BF7A368826343CC9003DB437 /* Debug */,
				BF7A368926343CC9003DB437 /* Release */,
			);
			defaultConfigurationIsVisible = 0;
			defaultConfigurationName = Release;
		};
		BF7A368A26343CC9003DB437 /* Build configuration list for PBXNativeTarget "Githubber" */ = {
			isa = XCConfigurationList;
			buildConfigurations = (
				BF7A368B26343CC9003DB437 /* Debug */,
				BF7A368C26343CC9003DB437 /* Release */,
			);
			defaultConfigurationIsVisible = 0;
			defaultConfigurationName = Release;
		};
		BF7A368D26343CC9003DB437 /* Build configuration list for PBXNativeTarget "GithubberTests" */ = {
			isa = XCConfigurationList;
			buildConfigurations = (
				BF7A368E26343CC9003DB437 /* Debug */,
				BF7A368F26343CC9003DB437 /* Release */,
			);
			defaultConfigurationIsVisible = 0;
			defaultConfigurationName = Release;
		};
		BF7A369026343CC9003DB437 /* Build configuration list for PBXNativeTarget "GithubberUITests" */ = {
			isa = XCConfigurationList;
			buildConfigurations = (
				BF7A369126343CC9003DB437 /* Debug */,
				BF7A369226343CC9003DB437 /* Release */,
			);
			defaultConfigurationIsVisible = 0;
			defaultConfigurationName = Release;
		};
/* End XCConfigurationList section */
	};
	rootObject = BF7A365826343CC5003DB437 /* Project object */;
}
